<?xml version="1.0" encoding="utf-8"?>
<Project ToolsVersion="4.0" xmlns="http://schemas.microsoft.com/developer/msbuild/2003">
  <ItemGroup>
    <Filter Include="Source Files">
      <UniqueIdentifier>{4FC737F1-C7A5-4376-A066-2A32D752A2FF}</UniqueIdentifier>
      <Extensions>cpp;c;cc;cxx;def;odl;idl;hpj;bat;asm;asmx</Extensions>
    </Filter>
    <Filter Include="Header Files">
      <UniqueIdentifier>{93995380-89BD-4b04-88EB-625FBE52EBFB}</UniqueIdentifier>
      <Extensions>h;hh;hpp;hxx;hm;inl;inc;xsd</Extensions>
    </Filter>
    <Filter Include="Resource Files">
      <UniqueIdentifier>{67DA6AB6-F800-4c08-8B7A-83BB121AAD01}</UniqueIdentifier>
      <Extensions>rc;ico;cur;bmp;dlg;rc2;rct;bin;rgs;gif;jpg;jpeg;jpe;resx;tiff;tif;png;wav;mfcribbon-ms</Extensions>
    </Filter>
  </ItemGroup>
  <ItemGroup>
    <Image Include="herringbone\template_caves_limit_connectivity.png">
      <Filter>Resource Files</Filter>
    </Image>
    <Image Include="herringbone\template_caves_tiny_corridors.png">
      <Filter>Resource Files</Filter>
    </Image>
    <Image Include="herringbone\template_corner_caves.png">
      <Filter>Resource Files</Filter>
    </Image>
    <Image Include="herringbone\template_horizontal_corridors_v1.png">
      <Filter>Resource Files</Filter>
    </Image>
    <Image Include="herringbone\template_horizontal_corridors_v2.png">
      <Filter>Resource Files</Filter>
    </Image>
    <Image Include="herringbone\template_horizontal_corridors_v3.png">
      <Filter>Resource Files</Filter>
    </Image>
    <Image Include="herringbone\template_limit_connectivity_fat.png">
      <Filter>Resource Files</Filter>
    </Image>
    <Image Include="herringbone\template_limited_connectivity.png">
      <Filter>Resource Files</Filter>
    </Image>
    <Image Include="herringbone\template_maze_2_wide.png">
      <Filter>Resource Files</Filter>
    </Image>
    <Image Include="herringbone\template_maze_plus_2_wide.png">
      <Filter>Resource Files</Filter>
    </Image>
    <Image Include="herringbone\template_open_areas.png">
      <Filter>Resource Files</Filter>
    </Image>
    <Image Include="herringbone\template_ref2_corner_caves.png">
      <Filter>Resource Files</Filter>
    </Image>
    <Image Include="herringbone\template_rooms_and_corridors.png">
      <Filter>Resource Files</Filter>
    </Image>
    <Image Include="herringbone\template_rooms_and_corridors_2_wide_diagonal_bias.png">
      <Filter>Resource Files</Filter>
    </Image>
    <Image Include="herringbone\template_rooms_limit_connectivity.png">
      <Filter>Resource Files</Filter>
    </Image>
    <Image Include="herringbone\template_round_rooms_diagonal_corridors.png">
      <Filter>Resource Files</Filter>
    </Image>
    <Image Include="herringbone\template_sean_dungeon.png">
      <Filter>Resource Files</Filter>
    </Image>
    <Image Include="herringbone\template_simple_caves_2_wide.png">
      <Filter>Resource Files</Filter>
    </Image>
    <Image Include="herringbone\template_square_rooms_with_random_rects.png">
      <Filter>Resource Files</Filter>
    </Image>
  </ItemGroup>
  <ItemGroup>
    <ClCompile Include="main.c">
      <Filter>Source Files</Filter>
    </ClCompile>
  </ItemGroup>
  <ItemGroup>
    <ClInclude Include="stb_herringbone_wang_tile.h">
      <Filter>Header Files</Filter>
    </ClInclude>
    <ClInclude Include="stb_image.h">
      <Filter>Header Files</Filter>
    </ClInclude>
    <ClInclude Include="stb_image_write.h">
      <Filter>Header Files</Filter>
    </ClInclude>
  </ItemGroup>
</Project>